
Microsoft Visual Studio Solution File, Format Version 12.00
# Visual Studio Version 17
VisualStudioVersion = 17.13.35919.96 d17.13
MinimumVisualStudioVersion = 10.0.40219.1
Project("{FAE04EC0-301F-11D3-BF4B-00C04F79EFBC}") = "Launch 2", "Launch 2\Launch 2.csproj", "{D502B016-E341-44A3-8FD8-803F756F84F8}"
EndProject
Global
	GlobalSection(SolutionConfigurationPlatforms) = preSolution
		Debug|Any CPU = Debug|Any CPU
		Release|Any CPU = Release|Any CPU
	EndGlobalSection
	GlobalSection(ProjectConfigurationPlatforms) = postSolution
		{D502B016-E341-44A3-8FD8-803F756F84F8}.Debug|Any CPU.ActiveCfg = Debug|Any CPU
		{D502B016-E341-44A3-8FD8-803F756F84F8}.Debug|Any CPU.Build.0 = Debug|Any CPU
		{D502B016-E341-44A3-8FD8-803F756F84F8}.Release|Any CPU.ActiveCfg = Release|Any CPU
		{D502B016-E341-44A3-8FD8-803F756F84F8}.Release|Any CPU.Build.0 = Release|Any CPU
	EndGlobalSection
	GlobalSection(SolutionProperties) = preSolution
		HideSolutionNode = FALSE
	EndGlobalSection
	GlobalSection(ExtensibilityGlobals) = postSolution
		SolutionGuid = {FAB488EF-3303-4E9F-A83F-20F96F2BADA9}
	EndGlobalSection
EndGlobal
